<?xml version="1.0" encoding="utf-8"?>
<Project ToolsVersion="4.0" xmlns="http://schemas.microsoft.com/developer/msbuild/2003">
  <ItemGroup>
    <Filter Include="Source Files">
      <UniqueIdentifier>{4FC737F1-C7A5-4376-A066-2A32D752A2FF}</UniqueIdentifier>
      <Extensions>cpp;c;cc;cxx;def;odl;idl;hpj;bat;asm;asmx</Extensions>
    </Filter>
    <Filter Include="Header Files">
      <UniqueIdentifier>{93995380-89BD-4b04-88EB-625FBE52EBFB}</UniqueIdentifier>
      <Extensions>h;hh;hpp;hxx;hm;inl;inc;xsd</Extensions>
    </Filter>
    <Filter Include="Resource Files">
      <UniqueIdentifier>{67DA6AB6-F800-4c08-8B7A-83BB121AAD01}</UniqueIdentifier>
      <Extensions>rc;ico;cur;bmp;dlg;rc2;rct;bin;rgs;gif;jpg;jpeg;jpe;resx;tiff;tif;png;wav</Extensions>
    </Filter>
  </ItemGroup>
  <ItemGroup>
    <ClCompile Include="Application.cpp">
      <Filter>Source Files</Filter>
    </ClCompile>
    <ClCompile Include="CommandReader.cpp">
      <Filter>Source Files</Filter>
    </ClCompile>
    <ClCompile Include="Controller.cpp">
      <Filter>Source Files</Filter>
    </ClCompile>
    <ClCompile Include="main.cpp">
      <Filter>Source Files</Filter>
    </ClCompile>
    <ClCompile Include="cmake-build-debug\cmakefiles\3.20.2\compileridc\CMakeCCompilerId.c">
      <Filter>Source Files</Filter>
    </ClCompile>
    <ClCompile Include="cmake-build-debug\cmakefiles\3.20.2\compileridcxx\CMakeCXXCompilerId.cpp">
      <Filter>Source Files</Filter>
    </ClCompile>
    <ClCompile Include="events\BadEvents.cpp">
      <Filter>Source Files</Filter>
    </ClCompile>
    <ClCompile Include="events\Enemy.cpp">
      <Filter>Source Files</Filter>
    </ClCompile>
    <ClCompile Include="events\Exit.cpp">
      <Filter>Source Files</Filter>
    </ClCompile>
    <ClCompile Include="events\Food.cpp">
      <Filter>Source Files</Filter>
    </ClCompile>
    <ClCompile Include="events\GoodEvents.cpp">
      <Filter>Source Files</Filter>
    </ClCompile>
    <ClCompile Include="events\Money.cpp">
      <Filter>Source Files</Filter>
    </ClCompile>
    <ClCompile Include="events\Trap.cpp">
      <Filter>Source Files</Filter>
    </ClCompile>
    <ClCompile Include="factory\EnemyFactory.cpp">
      <Filter>Source Files</Filter>
    </ClCompile>
    <ClCompile Include="factory\ExitFactory.cpp">
      <Filter>Source Files</Filter>
    </ClCompile>
    <ClCompile Include="factory\FoodFactory.cpp">
      <Filter>Source Files</Filter>
    </ClCompile>
    <ClCompile Include="factory\MoneyFactory.cpp">
      <Filter>Source Files</Filter>
    </ClCompile>
    <ClCompile Include="factory\TrapFactory.cpp">
      <Filter>Source Files</Filter>
    </ClCompile>
    <ClCompile Include="log\ConsoleLogger.cpp">
      <Filter>Source Files</Filter>
    </ClCompile>
    <ClCompile Include="log\FileLogger.cpp">
      <Filter>Source Files</Filter>
    </ClCompile>
    <ClCompile Include="log\Log.cpp">
      <Filter>Source Files</Filter>
    </ClCompile>
    <ClCompile Include="log\Message.cpp">
      <Filter>Source Files</Filter>
    </ClCompile>
    <ClCompile Include="log\observers\EventObserver.cpp">
      <Filter>Source Files</Filter>
    </ClCompile>
    <ClCompile Include="log\observers\FieldObserver.cpp">
      <Filter>Source Files</Filter>
    </ClCompile>
    <ClCompile Include="log\observers\GameObserver.cpp">
      <Filter>Source Files</Filter>
    </ClCompile>
    <ClCompile Include="log\observers\PlayerObserver.cpp">
      <Filter>Source Files</Filter>
    </ClCompile>
    <ClCompile Include="objects\Cell.cpp">
      <Filter>Source Files</Filter>
    </ClCompile>
    <ClCompile Include="objects\Field.cpp">
      <Filter>Source Files</Filter>
    </ClCompile>
    <ClCompile Include="objects\Player.cpp">
      <Filter>Source Files</Filter>
    </ClCompile>
    <ClCompile Include="view\PrintCell.cpp">
      <Filter>Source Files</Filter>
    </ClCompile>
    <ClCompile Include="view\PrintField.cpp">
      <Filter>Source Files</Filter>
    </ClCompile>
  </ItemGroup>
  <ItemGroup>
    <ClInclude Include="Application.h">
      <Filter>Header Files</Filter>
    </ClInclude>
    <ClInclude Include="CommandReader.h">
      <Filter>Header Files</Filter>
    </ClInclude>
    <ClInclude Include="Controller.h">
      <Filter>Header Files</Filter>
    </ClInclude>
    <ClInclude Include="Direction.h">
      <Filter>Header Files</Filter>
    </ClInclude>
    <ClInclude Include="events\BadEvents.h">
      <Filter>Header Files</Filter>
    </ClInclude>
    <ClInclude Include="events\Enemy.h">
      <Filter>Header Files</Filter>
    </ClInclude>
    <ClInclude Include="events\Event.h">
      <Filter>Header Files</Filter>
    </ClInclude>
    <ClInclude Include="events\Exit.h">
      <Filter>Header Files</Filter>
    </ClInclude>
    <ClInclude Include="events\Food.h">
      <Filter>Header Files</Filter>
    </ClInclude>
    <ClInclude Include="events\GoodEvents.h">
      <Filter>Header Files</Filter>
    </ClInclude>
    <ClInclude Include="events\Money.h">
      <Filter>Header Files</Filter>
    </ClInclude>
    <ClInclude Include="events\Trap.h">
      <Filter>Header Files</Filter>
    </ClInclude>
    <ClInclude Include="factory\EnemyFactory.h">
      <Filter>Header Files</Filter>
    </ClInclude>
    <ClInclude Include="factory\ExitFactory.h">
      <Filter>Header Files</Filter>
    </ClInclude>
    <ClInclude Include="factory\Factory.h">
      <Filter>Header Files</Filter>
    </ClInclude>
    <ClInclude Include="factory\FoodFactory.h">
      <Filter>Header Files</Filter>
    </ClInclude>
    <ClInclude Include="factory\MoneyFactory.h">
      <Filter>Header Files</Filter>
    </ClInclude>
    <ClInclude Include="factory\TrapFactory.h">
      <Filter>Header Files</Filter>
    </ClInclude>
    <ClInclude Include="log\ConsoleLogger.h">
      <Filter>Header Files</Filter>
    </ClInclude>
    <ClInclude Include="log\FileLogger.h">
      <Filter>Header Files</Filter>
    </ClInclude>
    <ClInclude Include="log\ILogger.h">
      <Filter>Header Files</Filter>
    </ClInclude>
    <ClInclude Include="log\Level.h">
      <Filter>Header Files</Filter>
    </ClInclude>
    <ClInclude Include="log\Log.h">
      <Filter>Header Files</Filter>
    </ClInclude>
    <ClInclude Include="log\Message.h">
      <Filter>Header Files</Filter>
    </ClInclude>
    <ClInclude Include="log\observers\EventObserver.h">
      <Filter>Header Files</Filter>
    </ClInclude>
    <ClInclude Include="log\observers\FieldObserver.h">
      <Filter>Header Files</Filter>
    </ClInclude>
    <ClInclude Include="log\observers\GameObserver.h">
      <Filter>Header Files</Filter>
    </ClInclude>
    <ClInclude Include="log\observers\IEventObserver.h">
      <Filter>Header Files</Filter>
    </ClInclude>
    <ClInclude Include="log\observers\IFieldObserver.h">
      <Filter>Header Files</Filter>
    </ClInclude>
    <ClInclude Include="log\observers\IGameObserver.h">
      <Filter>Header Files</Filter>
    </ClInclude>
    <ClInclude Include="log\observers\IPlayerObserver.h">
      <Filter>Header Files</Filter>
    </ClInclude>
    <ClInclude Include="log\observers\PlayerObserver.h">
      <Filter>Header Files</Filter>
    </ClInclude>
    <ClInclude Include="objects\Cell.h">
      <Filter>Header Files</Filter>
    </ClInclude>
    <ClInclude Include="objects\Field.h">
      <Filter>Header Files</Filter>
    </ClInclude>
    <ClInclude Include="objects\Player.h">
      <Filter>Header Files</Filter>
    </ClInclude>
    <ClInclude Include="view\PrintCell.h">
      <Filter>Header Files</Filter>
    </ClInclude>
    <ClInclude Include="view\PrintField.h">
      <Filter>Header Files</Filter>
    </ClInclude>
  </ItemGroup>
  <ItemGroup>
    <None Include="cmake-build-debug\cmakefiles\3.20.2\CMakeDetermineCompilerABI_C.bin">
      <Filter>Resource Files</Filter>
    </None>
    <None Include="cmake-build-debug\cmakefiles\3.20.2\CMakeDetermineCompilerABI_CXX.bin">
      <Filter>Resource Files</Filter>
    </None>
    <None Include="cmake-build-debug\cmakefiles\oop_lab1.dir\CXX.includecache" />
  </ItemGroup>
</Project>